
Microsoft Visual Studio Solution File, Format Version 12.00
# Visual Studio Version 17
VisualStudioVersion = 17.4.33213.308
MinimumVisualStudioVersion = 10.0.40219.1
Project("{8BC9CEB8-8B4A-11D0-8D11-00A0C91BC942}") = "RealRTCWXR", "RealRTCWXR\RealRTCWXR.vcxproj", "{2C5F74B6-13D3-4C31-B33E-3C4B342F619F}"
	ProjectSection(ProjectDependencies) = postProject
		{089E1391-9F29-40D1-A70E-E2D693735BB1} = {089E1391-9F29-40D1-A70E-E2D693735BB1}
		{71CBF00E-38B7-42B9-8E99-EA2D436A0FDB} = {71CBF00E-38B7-42B9-8E99-EA2D436A0FDB}
		{77BDD387-AFB0-457C-AA90-2E6917EE4D63} = {77BDD387-AFB0-457C-AA90-2E6917EE4D63}
		{F5F35743-BBD8-4374-8ED6-D65FC4AA9FBD} = {F5F35743-BBD8-4374-8ED6-D65FC4AA9FBD}
	EndProjectSection
EndProject
Project("{8BC9CEB8-8B4A-11D0-8D11-00A0C91BC942}") = "Renderer", "..\rend2\Renderer\Renderer.vcxproj", "{71CBF00E-38B7-42B9-8E99-EA2D436A0FDB}"
EndProject
Project("{8BC9CEB8-8B4A-11D0-8D11-00A0C91BC942}") = "stringify", "..\tools\stringify\stringify.vcxproj", "{77BDD387-AFB0-457C-AA90-2E6917EE4D63}"
EndProject
Project("{8BC9CEB8-8B4A-11D0-8D11-00A0C91BC942}") = "ui", "..\ui\ui\ui.vcxproj", "{F5F35743-BBD8-4374-8ED6-D65FC4AA9FBD}"
EndProject
Project("{8BC9CEB8-8B4A-11D0-8D11-00A0C91BC942}") = "game", "..\game\game\game.vcxproj", "{089E1391-9F29-40D1-A70E-E2D693735BB1}"
EndProject
Project("{8BC9CEB8-8B4A-11D0-8D11-00A0C91BC942}") = "cgame", "..\cgame\cgame\cgame.vcxproj", "{EEAAD0EB-8E8B-47A2-AD95-6F7DD438D235}"
EndProject
Global
	GlobalSection(SolutionConfigurationPlatforms) = preSolution
		Debug|x64 = Debug|x64
		Debug|x86 = Debug|x86
		Production|x64 = Production|x64
		Production|x86 = Production|x86
		Release|x64 = Release|x64
		Release|x86 = Release|x86
	EndGlobalSection
	GlobalSection(ProjectConfigurationPlatforms) = postSolution
		{2C5F74B6-13D3-4C31-B33E-3C4B342F619F}.Debug|x64.ActiveCfg = Debug|x64
		{2C5F74B6-13D3-4C31-B33E-3C4B342F619F}.Debug|x64.Build.0 = Debug|x64
		{2C5F74B6-13D3-4C31-B33E-3C4B342F619F}.Debug|x86.ActiveCfg = Debug|Win32
		{2C5F74B6-13D3-4C31-B33E-3C4B342F619F}.Debug|x86.Build.0 = Debug|Win32
		{2C5F74B6-13D3-4C31-B33E-3C4B342F619F}.Production|x64.ActiveCfg = Production|x64
		{2C5F74B6-13D3-4C31-B33E-3C4B342F619F}.Production|x64.Build.0 = Production|x64
		{2C5F74B6-13D3-4C31-B33E-3C4B342F619F}.Production|x86.ActiveCfg = Production|Win32
		{2C5F74B6-13D3-4C31-B33E-3C4B342F619F}.Production|x86.Build.0 = Production|Win32
		{2C5F74B6-13D3-4C31-B33E-3C4B342F619F}.Release|x64.ActiveCfg = Release|x64
		{2C5F74B6-13D3-4C31-B33E-3C4B342F619F}.Release|x64.Build.0 = Release|x64
		{2C5F74B6-13D3-4C31-B33E-3C4B342F619F}.Release|x86.ActiveCfg = Release|Win32
		{2C5F74B6-13D3-4C31-B33E-3C4B342F619F}.Release|x86.Build.0 = Release|Win32
		{71CBF00E-38B7-42B9-8E99-EA2D436A0FDB}.Debug|x64.ActiveCfg = Debug|x64
		{71CBF00E-38B7-42B9-8E99-EA2D436A0FDB}.Debug|x64.Build.0 = Debug|x64
		{71CBF00E-38B7-42B9-8E99-EA2D436A0FDB}.Debug|x86.ActiveCfg = Debug|Win32
		{71CBF00E-38B7-42B9-8E99-EA2D436A0FDB}.Debug|x86.Build.0 = Debug|Win32
		{71CBF00E-38B7-42B9-8E99-EA2D436A0FDB}.Production|x64.ActiveCfg = Production|x64
		{71CBF00E-38B7-42B9-8E99-EA2D436A0FDB}.Production|x64.Build.0 = Production|x64
		{71CBF00E-38B7-42B9-8E99-EA2D436A0FDB}.Production|x86.ActiveCfg = Production|Win32
		{71CBF00E-38B7-42B9-8E99-EA2D436A0FDB}.Production|x86.Build.0 = Production|Win32
		{71CBF00E-38B7-42B9-8E99-EA2D436A0FDB}.Release|x64.ActiveCfg = Release|x64
		{71CBF00E-38B7-42B9-8E99-EA2D436A0FDB}.Release|x64.Build.0 = Release|x64
		{71CBF00E-38B7-42B9-8E99-EA2D436A0FDB}.Release|x86.ActiveCfg = Release|Win32
		{71CBF00E-38B7-42B9-8E99-EA2D436A0FDB}.Release|x86.Build.0 = Release|Win32
		{77BDD387-AFB0-457C-AA90-2E6917EE4D63}.Debug|x64.ActiveCfg = Debug|x64
		{77BDD387-AFB0-457C-AA90-2E6917EE4D63}.Debug|x64.Build.0 = Debug|x64
		{77BDD387-AFB0-457C-AA90-2E6917EE4D63}.Debug|x86.ActiveCfg = Debug|Win32
		{77BDD387-AFB0-457C-AA90-2E6917EE4D63}.Debug|x86.Build.0 = Debug|Win32
		{77BDD387-AFB0-457C-AA90-2E6917EE4D63}.Production|x64.ActiveCfg = Production|x64
		{77BDD387-AFB0-457C-AA90-2E6917EE4D63}.Production|x64.Build.0 = Production|x64
		{77BDD387-AFB0-457C-AA90-2E6917EE4D63}.Production|x86.ActiveCfg = Production|Win32
		{77BDD387-AFB0-457C-AA90-2E6917EE4D63}.Production|x86.Build.0 = Production|Win32
		{77BDD387-AFB0-457C-AA90-2E6917EE4D63}.Release|x64.ActiveCfg = Release|x64
		{77BDD387-AFB0-457C-AA90-2E6917EE4D63}.Release|x64.Build.0 = Release|x64
		{77BDD387-AFB0-457C-AA90-2E6917EE4D63}.Release|x86.ActiveCfg = Release|Win32
		{77BDD387-AFB0-457C-AA90-2E6917EE4D63}.Release|x86.Build.0 = Release|Win32
		{F5F35743-BBD8-4374-8ED6-D65FC4AA9FBD}.Debug|x64.ActiveCfg = Debug|x64
		{F5F35743-BBD8-4374-8ED6-D65FC4AA9FBD}.Debug|x64.Build.0 = Debug|x64
		{F5F35743-BBD8-4374-8ED6-D65FC4AA9FBD}.Debug|x86.ActiveCfg = Debug|Win32
		{F5F35743-BBD8-4374-8ED6-D65FC4AA9FBD}.Debug|x86.Build.0 = Debug|Win32
		{F5F35743-BBD8-4374-8ED6-D65FC4AA9FBD}.Production|x64.ActiveCfg = Production|x64
		{F5F35743-BBD8-4374-8ED6-D65FC4AA9FBD}.Production|x64.Build.0 = Production|x64
		{F5F35743-BBD8-4374-8ED6-D65FC4AA9FBD}.Production|x86.ActiveCfg = Production|Win32
		{F5F35743-BBD8-4374-8ED6-D65FC4AA9FBD}.Production|x86.Build.0 = Production|Win32
		{F5F35743-BBD8-4374-8ED6-D65FC4AA9FBD}.Release|x64.ActiveCfg = Release|x64
		{F5F35743-BBD8-4374-8ED6-D65FC4AA9FBD}.Release|x64.Build.0 = Release|x64
		{F5F35743-BBD8-4374-8ED6-D65FC4AA9FBD}.Release|x86.ActiveCfg = Release|Win32
		{F5F35743-BBD8-4374-8ED6-D65FC4AA9FBD}.Release|x86.Build.0 = Release|Win32
		{089E1391-9F29-40D1-A70E-E2D693735BB1}.Debug|x64.ActiveCfg = Debug|x64
		{089E1391-9F29-40D1-A70E-E2D693735BB1}.Debug|x64.Build.0 = Debug|x64
		{089E1391-9F29-40D1-A70E-E2D693735BB1}.Debug|x86.ActiveCfg = Debug|Win32
		{089E1391-9F29-40D1-A70E-E2D693735BB1}.Debug|x86.Build.0 = Debug|Win32
		{089E1391-9F29-40D1-A70E-E2D693735BB1}.Production|x64.ActiveCfg = Production|x64
		{089E1391-9F29-40D1-A70E-E2D693735BB1}.Production|x64.Build.0 = Production|x64
		{089E1391-9F29-40D1-A70E-E2D693735BB1}.Production|x86.ActiveCfg = Production|Win32
		{089E1391-9F29-40D1-A70E-E2D693735BB1}.Production|x86.Build.0 = Production|Win32
		{089E1391-9F29-40D1-A70E-E2D693735BB1}.Release|x64.ActiveCfg = Release|x64
		{089E1391-9F29-40D1-A70E-E2D693735BB1}.Release|x64.Build.0 = Release|x64
		{089E1391-9F29-40D1-A70E-E2D693735BB1}.Release|x86.ActiveCfg = Release|Win32
		{089E1391-9F29-40D1-A70E-E2D693735BB1}.Release|x86.Build.0 = Release|Win32
		{EEAAD0EB-8E8B-47A2-AD95-6F7DD438D235}.Debug|x64.ActiveCfg = Debug|x64
		{EEAAD0EB-8E8B-47A2-AD95-6F7DD438D235}.Debug|x64.Build.0 = Debug|x64
		{EEAAD0EB-8E8B-47A2-AD95-6F7DD438D235}.Debug|x86.ActiveCfg = Debug|Win32
		{EEAAD0EB-8E8B-47A2-AD95-6F7DD438D235}.Debug|x86.Build.0 = Debug|Win32
		{EEAAD0EB-8E8B-47A2-AD95-6F7DD438D235}.Production|x64.ActiveCfg = Production|x64
		{EEAAD0EB-8E8B-47A2-AD95-6F7DD438D235}.Production|x64.Build.0 = Production|x64
		{EEAAD0EB-8E8B-47A2-AD95-6F7DD438D235}.Production|x86.ActiveCfg = Production|Win32
		{EEAAD0EB-8E8B-47A2-AD95-6F7DD438D235}.Production|x86.Build.0 = Production|Win32
		{EEAAD0EB-8E8B-47A2-AD95-6F7DD438D235}.Release|x64.ActiveCfg = Release|x64
		{EEAAD0EB-8E8B-47A2-AD95-6F7DD438D235}.Release|x64.Build.0 = Release|x64
		{EEAAD0EB-8E8B-47A2-AD95-6F7DD438D235}.Release|x86.ActiveCfg = Release|Win32
		{EEAAD0EB-8E8B-47A2-AD95-6F7DD438D235}.Release|x86.Build.0 = Release|Win32
	EndGlobalSection
	GlobalSection(SolutionProperties) = preSolution
		HideSolutionNode = FALSE
	EndGlobalSection
	GlobalSection(ExtensibilityGlobals) = postSolution
		SolutionGuid = {2FB0010A-4413-46C3-A4FC-0AEB75EC40E3}
	EndGlobalSection
EndGlobal
